
Microsoft Visual Studio Solution File, Format Version 12.00
# Visual Studio Version 17
VisualStudioVersion = 17.7.34202.233
MinimumVisualStudioVersion = 10.0.40219.1
Project("{FAE04EC0-301F-11D3-BF4B-00C04F79EFBC}") = "CRUD_Estudantes_Inspirali", "CRUD_Estudantes_Inspirali.csproj", "{D8A5409C-BC63-424C-A8F0-6A076BA61DAD}"
EndProject
Global
	GlobalSection(SolutionConfigurationPlatforms) = preSolution
		Debug|Any CPU = Debug|Any CPU
		Release|Any CPU = Release|Any CPU
	EndGlobalSection
	GlobalSection(ProjectConfigurationPlatforms) = postSolution
		{D8A5409C-BC63-424C-A8F0-6A076BA61DAD}.Debug|Any CPU.ActiveCfg = Debug|Any CPU
		{D8A5409C-BC63-424C-A8F0-6A076BA61DAD}.Debug|Any CPU.Build.0 = Debug|Any CPU
		{D8A5409C-BC63-424C-A8F0-6A076BA61DAD}.Release|Any CPU.ActiveCfg = Release|Any CPU
		{D8A5409C-BC63-424C-A8F0-6A076BA61DAD}.Release|Any CPU.Build.0 = Release|Any CPU
	EndGlobalSection
	GlobalSection(SolutionProperties) = preSolution
		HideSolutionNode = FALSE
	EndGlobalSection
	GlobalSection(ExtensibilityGlobals) = postSolution
		SolutionGuid = {088E28F1-D44C-4EC6-B2E1-4EE8181361CE}
	EndGlobalSection
EndGlobal
